{
  "object": {
    "pins": [
      {
        "package": "Bricking",
        "repositoryURL": "https://github.com/cp3hnu/Bricking.git",
        "state": {
          "branch": null,
          "revision": "90ebf1cb26ecbfebafc07530d3075978e82a7d74",
          "version": "4.0.2"
        }
      }
    ]
  },
  "version": 1
}
